github.com/StackExchange/wmi v0.0.0-20170410192909-ea383cf3ba6e/go.mod h1:3eOhrUMpNV+6aFIbp5/iudMxNCF27Vw2OZgy4xEx0Fg=
github.com/dustin/go-humanize v0.0.0-20171111073723-bb3d318650d4 h1:qk/FSDDxo05wdJH28W+p5yivv7LuLYLRXPPD8KQCtZs=
github.com/dustin/go-humanize v0.0.0-20171111073723-bb3d318650d4/go.mod h1:HtrtbFcZ19U5GC7JDqmcUSB87Iq5E25KnS6fMYU6eOk=
github.com/go-ole/go-ole v1.2.0/go.mod h1:7FAglXiTm7HKlQRDeOQ6ZNUHidzCWXuZWq/1dTyBNF8=
github.com/gotk3/gotk3 v0.0.0-20171227192530-8364b1c62f2b h1:PH4to/US7WJD8QO2LPrOZwgj24KAi7AZfvwyoWK19Jc=
github.com/gotk3/gotk3 v0.0.0-20171227192530-8364b1c62f2b/go.mod h1:Eew3QBwAOBTrfFFDmsDE5wZWbcagBL1NUslj1GhRveo=
github.com/gotk3/gotk3 v0.0.0-20190403071124-dfecfba5e7d4 h1:Z/jVwJiNS36ZhnHWjYCc49o66XkfNiLCXCI4t0R/9u0=
github.com/gotk3/gotk3 v0.0.0-20190403071124-dfecfba5e7d4/go.mod h1:Eew3QBwAOBTrfFFDmsDE5wZWbcagBL1NUslj1GhRveo=
github.com/mcuadros/OctoPrint-TFT v0.1.2 h1:yJl4/ez60CH4WrqMOcCofKpOvS4zO/8E5X0J/L0ao6I=
github.com/mcuadros/OctoPrint-TFT v0.1.2/go.mod h1:RbFDJfmLP90dCv6oFZJQ+Wv9xazroLa+A4RMz5DAZiM=
github.com/mcuadros/go-octoprint v0.0.0-20180104080025-01362f94e21f h1:oKsojdohZ6nXhz98lZ7EbrW28iRii1ZDIZficOLB3Iw=
github.com/mcuadros/go-octoprint v0.0.0-20180104080025-01362f94e21f/go.mod h1:9LZ/N5NKaFNhr4EB8R9hWhOBvRxcj54WP3YgrNzwjnk=
github.com/shirou/gopsutil v2.17.12+incompatible h1:FNbznluSK3DQggqiVw3wK/tFKJrKlLPBuQ+V8XkkCOc=
github.com/shirou/gopsutil v2.17.12+incompatible/go.mod h1:5b4v6he4MtMOwMlS0TUMTu2PcXUg8+E1lC7eC3UO/RA=
github.com/sirupsen/logrus v1.0.4 h1:gzbtLsZC3Ic5PptoRG+kQj4L60qjK7H7XszrU163JNQ=
github.com/sirupsen/logrus v1.0.4/go.mod h1:pMByvHTf9Beacp5x1UXfOR9xyW/9antXMhjMPG0dEzc=
golang.org/x/crypto v0.0.0-20171231215028-0fcca4842a8d h1:GrqEEc3+MtHKTsZrdIGVoYDgLpbSRzW1EF+nLu0PcHE=
golang.org/x/crypto v0.0.0-20171231215028-0fcca4842a8d/go.mod h1:6SG95UA2DQfeDnfUPMdvaQW0Q7yPrPDi9nlGo2tz2b4=
golang.org/x/sys v0.0.0-20180104162908-a3f2cbd54cf5 h1:6Od77Y9QsEwa/MFtLV5Oyv3/z8z7CSga7Qzdkg8VUKE=
golang.org/x/sys v0.0.0-20180104162908-a3f2cbd54cf5/go.mod h1:STP8DvDyc/dI5b8T5hshtkjS+E42TnysNCUPdjciGhY=
gopkg.in/yaml.v1 v1.0.0-20140924161607-9f9df34309c0 h1:POO/ycCATvegFmVuPpQzZFJ+pGZeX22Ufu6fibxDVjU=
gopkg.in/yaml.v1 v1.0.0-20140924161607-9f9df34309c0/go.mod h1:WDnlLJ4WF5VGsH/HVa3CI79GS0ol3YnhVnKP89i0kNg=
